
Microsoft Visual Studio Solution File, Format Version 12.00
# Visual Studio Version 16
VisualStudioVersion = 16.0.31205.134
MinimumVisualStudioVersion = 10.0.40219.1
Project("{FAE04EC0-301F-11D3-BF4B-00C04F79EFBC}") = "CountMsgs", "CountMsgs\CountMsgs.csproj", "{7E5762E3-1BC7-4E83-9E3C-2D863626A98C}"
EndProject
Global
	GlobalSection(SolutionConfigurationPlatforms) = preSolution
		Debug|Any CPU = Debug|Any CPU
		Release|Any CPU = Release|Any CPU
	EndGlobalSection
	GlobalSection(ProjectConfigurationPlatforms) = postSolution
		{7E5762E3-1BC7-4E83-9E3C-2D863626A98C}.Debug|Any CPU.ActiveCfg = Debug|Any CPU
		{7E5762E3-1BC7-4E83-9E3C-2D863626A98C}.Debug|Any CPU.Build.0 = Debug|Any CPU
		{7E5762E3-1BC7-4E83-9E3C-2D863626A98C}.Release|Any CPU.ActiveCfg = Release|Any CPU
		{7E5762E3-1BC7-4E83-9E3C-2D863626A98C}.Release|Any CPU.Build.0 = Release|Any CPU
	EndGlobalSection
	GlobalSection(SolutionProperties) = preSolution
		HideSolutionNode = FALSE
	EndGlobalSection
	GlobalSection(ExtensibilityGlobals) = postSolution
		SolutionGuid = {6A31FC6E-580A-47E4-A748-1E734C461668}
	EndGlobalSection
EndGlobal
